
Microsoft Visual Studio Solution File, Format Version 12.00
# Visual Studio Version 16
VisualStudioVersion = 16.0.30225.117
MinimumVisualStudioVersion = 10.0.40219.1
Project("{FAE04EC0-301F-11D3-BF4B-00C04F79EFBC}") = "MONITORSYSTEM-DESKTOP", "MONITORSYSTEM-DESKTOP\MONITORSYSTEM-DESKTOP.csproj", "{CCC1C5EF-EF33-48FD-845E-7413C97F9771}"
EndProject
Project("{FAE04EC0-301F-11D3-BF4B-00C04F79EFBC}") = "CAPADATOS", "CAPADATOS\CAPADATOS.csproj", "{049CA9CB-38F4-4264-90C1-C3798F5672F4}"
EndProject
Project("{FAE04EC0-301F-11D3-BF4B-00C04F79EFBC}") = "CAPALOGICA", "CAPALOGICA\CAPALOGICA.csproj", "{B1D8EDE7-FA20-40C6-9ACB-9D9B3C7FD2D1}"
EndProject
Project("{FAE04EC0-301F-11D3-BF4B-00C04F79EFBC}") = "ENTIDADES", "ENTIDADES\ENTIDADES.csproj", "{50A2AEB8-A7B0-49AD-AAE1-B88150D35E37}"
EndProject
Project("{FAE04EC0-301F-11D3-BF4B-00C04F79EFBC}") = "CONTROLES", "CONTROLES\CONTROLES.csproj", "{DF275FBF-4FA2-4009-B33A-20A35A738963}"
EndProject
Project("{FAE04EC0-301F-11D3-BF4B-00C04F79EFBC}") = "CONEXION", "CONEXION\CONEXION.csproj", "{0AB8A36C-8695-4104-9C0B-BFF7FC396168}"
EndProject
Global
	GlobalSection(SolutionConfigurationPlatforms) = preSolution
		Debug|Any CPU = Debug|Any CPU
		Release|Any CPU = Release|Any CPU
	EndGlobalSection
	GlobalSection(ProjectConfigurationPlatforms) = postSolution
		{CCC1C5EF-EF33-48FD-845E-7413C97F9771}.Debug|Any CPU.ActiveCfg = Debug|Any CPU
		{CCC1C5EF-EF33-48FD-845E-7413C97F9771}.Debug|Any CPU.Build.0 = Debug|Any CPU
		{CCC1C5EF-EF33-48FD-845E-7413C97F9771}.Release|Any CPU.ActiveCfg = Release|Any CPU
		{CCC1C5EF-EF33-48FD-845E-7413C97F9771}.Release|Any CPU.Build.0 = Release|Any CPU
		{049CA9CB-38F4-4264-90C1-C3798F5672F4}.Debug|Any CPU.ActiveCfg = Debug|Any CPU
		{049CA9CB-38F4-4264-90C1-C3798F5672F4}.Debug|Any CPU.Build.0 = Debug|Any CPU
		{049CA9CB-38F4-4264-90C1-C3798F5672F4}.Release|Any CPU.ActiveCfg = Release|Any CPU
		{049CA9CB-38F4-4264-90C1-C3798F5672F4}.Release|Any CPU.Build.0 = Release|Any CPU
		{B1D8EDE7-FA20-40C6-9ACB-9D9B3C7FD2D1}.Debug|Any CPU.ActiveCfg = Debug|Any CPU
		{B1D8EDE7-FA20-40C6-9ACB-9D9B3C7FD2D1}.Debug|Any CPU.Build.0 = Debug|Any CPU
		{B1D8EDE7-FA20-40C6-9ACB-9D9B3C7FD2D1}.Release|Any CPU.ActiveCfg = Release|Any CPU
		{B1D8EDE7-FA20-40C6-9ACB-9D9B3C7FD2D1}.Release|Any CPU.Build.0 = Release|Any CPU
		{50A2AEB8-A7B0-49AD-AAE1-B88150D35E37}.Debug|Any CPU.ActiveCfg = Debug|Any CPU
		{50A2AEB8-A7B0-49AD-AAE1-B88150D35E37}.Debug|Any CPU.Build.0 = Debug|Any CPU
		{50A2AEB8-A7B0-49AD-AAE1-B88150D35E37}.Release|Any CPU.ActiveCfg = Release|Any CPU
		{50A2AEB8-A7B0-49AD-AAE1-B88150D35E37}.Release|Any CPU.Build.0 = Release|Any CPU
		{DF275FBF-4FA2-4009-B33A-20A35A738963}.Debug|Any CPU.ActiveCfg = Debug|Any CPU
		{DF275FBF-4FA2-4009-B33A-20A35A738963}.Debug|Any CPU.Build.0 = Debug|Any CPU
		{DF275FBF-4FA2-4009-B33A-20A35A738963}.Release|Any CPU.ActiveCfg = Release|Any CPU
		{DF275FBF-4FA2-4009-B33A-20A35A738963}.Release|Any CPU.Build.0 = Release|Any CPU
		{0AB8A36C-8695-4104-9C0B-BFF7FC396168}.Debug|Any CPU.ActiveCfg = Debug|Any CPU
		{0AB8A36C-8695-4104-9C0B-BFF7FC396168}.Debug|Any CPU.Build.0 = Debug|Any CPU
		{0AB8A36C-8695-4104-9C0B-BFF7FC396168}.Release|Any CPU.ActiveCfg = Release|Any CPU
		{0AB8A36C-8695-4104-9C0B-BFF7FC396168}.Release|Any CPU.Build.0 = Release|Any CPU
	EndGlobalSection
	GlobalSection(SolutionProperties) = preSolution
		HideSolutionNode = FALSE
	EndGlobalSection
	GlobalSection(ExtensibilityGlobals) = postSolution
		SolutionGuid = {F4CB1073-D0A6-49CE-A388-37E39D9B0604}
	EndGlobalSection
EndGlobal
